
Microsoft Visual Studio Solution File, Format Version 12.00
# Visual Studio Version 16
VisualStudioVersion = 16.0.29926.136
MinimumVisualStudioVersion = 10.0.40219.1
Project("{9A19103F-16F7-4668-BE54-9A1E7A4F7556}") = "UI", "UI\UI.csproj", "{7AC6ED56-6D8F-479A-BDD3-06CDB11F506E}"
EndProject
Project("{9A19103F-16F7-4668-BE54-9A1E7A4F7556}") = "BO", "BO\BO.csproj", "{F2656231-08C7-4F5E-ABA6-3A1076FCEE20}"
EndProject
Project("{9A19103F-16F7-4668-BE54-9A1E7A4F7556}") = "BL", "BL\BL.csproj", "{7F9CE58A-EB23-489E-8002-116A29CE9CC6}"
EndProject
Global
	GlobalSection(SolutionConfigurationPlatforms) = preSolution
		Debug|Any CPU = Debug|Any CPU
		Release|Any CPU = Release|Any CPU
	EndGlobalSection
	GlobalSection(ProjectConfigurationPlatforms) = postSolution
		{7AC6ED56-6D8F-479A-BDD3-06CDB11F506E}.Debug|Any CPU.ActiveCfg = Debug|Any CPU
		{7AC6ED56-6D8F-479A-BDD3-06CDB11F506E}.Debug|Any CPU.Build.0 = Debug|Any CPU
		{7AC6ED56-6D8F-479A-BDD3-06CDB11F506E}.Release|Any CPU.ActiveCfg = Release|Any CPU
		{7AC6ED56-6D8F-479A-BDD3-06CDB11F506E}.Release|Any CPU.Build.0 = Release|Any CPU
		{F2656231-08C7-4F5E-ABA6-3A1076FCEE20}.Debug|Any CPU.ActiveCfg = Debug|Any CPU
		{F2656231-08C7-4F5E-ABA6-3A1076FCEE20}.Debug|Any CPU.Build.0 = Debug|Any CPU
		{F2656231-08C7-4F5E-ABA6-3A1076FCEE20}.Release|Any CPU.ActiveCfg = Release|Any CPU
		{F2656231-08C7-4F5E-ABA6-3A1076FCEE20}.Release|Any CPU.Build.0 = Release|Any CPU
		{7F9CE58A-EB23-489E-8002-116A29CE9CC6}.Debug|Any CPU.ActiveCfg = Debug|Any CPU
		{7F9CE58A-EB23-489E-8002-116A29CE9CC6}.Debug|Any CPU.Build.0 = Debug|Any CPU
		{7F9CE58A-EB23-489E-8002-116A29CE9CC6}.Release|Any CPU.ActiveCfg = Release|Any CPU
		{7F9CE58A-EB23-489E-8002-116A29CE9CC6}.Release|Any CPU.Build.0 = Release|Any CPU
	EndGlobalSection
	GlobalSection(SolutionProperties) = preSolution
		HideSolutionNode = FALSE
	EndGlobalSection
	GlobalSection(ExtensibilityGlobals) = postSolution
		SolutionGuid = {A2790711-15F3-471D-A261-442002542E4A}
	EndGlobalSection
EndGlobal
